// !$*UTF8*$!
{
	archiveVersion = 1;
	classes = {
	};
	objectVersion = 50;
	objects = {

/* Begin PBXBuildFile section */
		63CED41A2BD419B5005E2CF9 /* AppDelegate.swift in Sources */ = {isa = PBXBuildFile; fileRef = 63CED4192BD419B5005E2CF9 /* AppDelegate.swift */; };
		63CED41C2BD419B5005E2CF9 /* SceneDelegate.swift in Sources */ = {isa = PBXBuildFile; fileRef = 63CED41B2BD419B5005E2CF9 /* SceneDelegate.swift */; };
		63CED41E2BD419B5005E2CF9 /* LoginView.swift in Sources */ = {isa = PBXBuildFile; fileRef = 63CED41D2BD419B5005E2CF9 /* LoginView.swift */; };
		63CED4202BD419B8005E2CF9 /* Assets.xcassets in Resources */ = {isa = PBXBuildFile; fileRef = 63CED41F2BD419B8005E2CF9 /* Assets.xcassets */; };
		63CED4232BD419B8005E2CF9 /* Preview Assets.xcassets in Resources */ = {isa = PBXBuildFile; fileRef = 63CED4222BD419B8005E2CF9 /* Preview Assets.xcassets */; };
		63CED4262BD419B8005E2CF9 /* LaunchScreen.storyboard in Resources */ = {isa = PBXBuildFile; fileRef = 63CED4242BD419B8005E2CF9 /* LaunchScreen.storyboard */; };
		85AE5C9B2D19BB0600F79A92 /* HomeView.swift in Sources */ = {isa = PBXBuildFile; fileRef = 85AE5C9A2D19BB0600F79A92 /* HomeView.swift */; };
		85E24CD72D173DDF00CE1DFD /* LoginViewModel.swift in Sources */ = {isa = PBXBuildFile; fileRef = 85E24CD62D173DDF00CE1DFD /* LoginViewModel.swift */; };
/* End PBXBuildFile section */

/* Begin PBXFileReference section */
		63CED4162BD419B5005E2CF9 /* Witamy.app */ = {isa = PBXFileReference; explicitFileType = wrapper.application; includeInIndex = 0; path = Witamy.app; sourceTree = BUILT_PRODUCTS_DIR; };
		63CED4192BD419B5005E2CF9 /* AppDelegate.swift */ = {isa = PBXFileReference; lastKnownFileType = sourcecode.swift; path = AppDelegate.swift; sourceTree = "<group>"; };
		63CED41B2BD419B5005E2CF9 /* SceneDelegate.swift */ = {isa = PBXFileReference; lastKnownFileType = sourcecode.swift; path = SceneDelegate.swift; sourceTree = "<group>"; };
		63CED41D2BD419B5005E2CF9 /* LoginView.swift */ = {isa = PBXFileReference; lastKnownFileType = sourcecode.swift; path = LoginView.swift; sourceTree = "<group>"; };
		63CED41F2BD419B8005E2CF9 /* Assets.xcassets */ = {isa = PBXFileReference; lastKnownFileType = folder.assetcatalog; path = Assets.xcassets; sourceTree = "<group>"; };
		63CED4222BD419B8005E2CF9 /* Preview Assets.xcassets */ = {isa = PBXFileReference; lastKnownFileType = folder.assetcatalog; path = "Preview Assets.xcassets"; sourceTree = "<group>"; };
		63CED4252BD419B8005E2CF9 /* Base */ = {isa = PBXFileReference; lastKnownFileType = file.storyboard; name = Base; path = Base.lproj/LaunchScreen.storyboard; sourceTree = "<group>"; };
		63CED4272BD419B8005E2CF9 /* Info.plist */ = {isa = PBXFileReference; lastKnownFileType = text.plist.xml; path = Info.plist; sourceTree = "<group>"; };
		85AE5C9A2D19BB0600F79A92 /* HomeView.swift */ = {isa = PBXFileReference; lastKnownFileType = sourcecode.swift; path = HomeView.swift; sourceTree = "<group>"; };
		85E24CD62D173DDF00CE1DFD /* LoginViewModel.swift */ = {isa = PBXFileReference; lastKnownFileType = sourcecode.swift; path = LoginViewModel.swift; sourceTree = "<group>"; };
/* End PBXFileReference section */

/* Begin PBXFrameworksBuildPhase section */
		63CED4132BD419B5005E2CF9 /* Frameworks */ = {
			isa = PBXFrameworksBuildPhase;
			buildActionMask = 2147483647;
			files = (
			);
			runOnlyForDeploymentPostprocessing = 0;
		};
/* End PBXFrameworksBuildPhase section */

/* Begin PBXGroup section */
		63CED40D2BD419B5005E2CF9 = {
			isa = PBXGroup;
			children = (
				63CED4182BD419B5005E2CF9 /* Witamy */,
				63CED4172BD419B5005E2CF9 /* Products */,
			);
			sourceTree = "<group>";
		};
		63CED4172BD419B5005E2CF9 /* Products */ = {
			isa = PBXGroup;
			children = (
				63CED4162BD419B5005E2CF9 /* Witamy.app */,
			);
			name = Products;
			sourceTree = "<group>";
		};
		63CED4182BD419B5005E2CF9 /* Witamy */ = {
			isa = PBXGroup;
			children = (
				63CED4192BD419B5005E2CF9 /* AppDelegate.swift */,
				63CED41B2BD419B5005E2CF9 /* SceneDelegate.swift */,
				8589586C2D1798620085AF2D /* ViewModel */,
				85E24CD42D173DB700CE1DFD /* View */,
				63CED41F2BD419B8005E2CF9 /* Assets.xcassets */,
				63CED4242BD419B8005E2CF9 /* LaunchScreen.storyboard */,
				63CED4272BD419B8005E2CF9 /* Info.plist */,
				63CED4212BD419B8005E2CF9 /* Preview Content */,
			);
			path = Witamy;
			sourceTree = "<group>";
		};
		63CED4212BD419B8005E2CF9 /* Preview Content */ = {
			isa = PBXGroup;
			children = (
				63CED4222BD419B8005E2CF9 /* Preview Assets.xcassets */,
			);
			path = "Preview Content";
			sourceTree = "<group>";
		};
		8589586C2D1798620085AF2D /* ViewModel */ = {
			isa = PBXGroup;
			children = (
				85E24CD62D173DDF00CE1DFD /* LoginViewModel.swift */,
			);
			path = ViewModel;
			sourceTree = "<group>";
		};
		85E24CD42D173DB700CE1DFD /* View */ = {
			isa = PBXGroup;
			children = (
				63CED41D2BD419B5005E2CF9 /* LoginView.swift */,
				85AE5C9A2D19BB0600F79A92 /* HomeView.swift */,
			);
			path = View;
			sourceTree = "<group>";
		};
/* End PBXGroup section */

/* Begin PBXNativeTarget section */
		63CED4152BD419B5005E2CF9 /* Witamy */ = {
			isa = PBXNativeTarget;
			buildConfigurationList = 63CED42A2BD419B8005E2CF9 /* Build configuration list for PBXNativeTarget "Witamy" */;
			buildPhases = (
				63CED4122BD419B5005E2CF9 /* Sources */,
				63CED4132BD419B5005E2CF9 /* Frameworks */,
				63CED4142BD419B5005E2CF9 /* Resources */,
			);
			buildRules = (
			);
			dependencies = (
			);
			name = Witamy;
			productName = Witamy;
			productReference = 63CED4162BD419B5005E2CF9 /* Witamy.app */;
			productType = "com.apple.product-type.application";
		};
/* End PBXNativeTarget section */

/* Begin PBXProject section */
		63CED40E2BD419B5005E2CF9 /* Project object */ = {
			isa = PBXProject;
			attributes = {
				LastSwiftUpdateCheck = 1240;
				LastUpgradeCheck = 1240;
				ORGANIZATIONNAME = "";
				TargetAttributes = {
					63CED4152BD419B5005E2CF9 = {
						CreatedOnToolsVersion = 12.4;
					};
				};
			};
			buildConfigurationList = 63CED4112BD419B5005E2CF9 /* Build configuration list for PBXProject "Witamy" */;
			compatibilityVersion = "Xcode 9.3";
			developmentRegion = en;
			hasScannedForEncodings = 0;
			knownRegions = (
				en,
				Base,
			);
			mainGroup = 63CED40D2BD419B5005E2CF9;
			productRefGroup = 63CED4172BD419B5005E2CF9 /* Products */;
			projectDirPath = "";
			projectRoot = "";
			targets = (
				63CED4152BD419B5005E2CF9 /* Witamy */,
			);
		};
/* End PBXProject section */

/* Begin PBXResourcesBuildPhase section */
		63CED4142BD419B5005E2CF9 /* Resources */ = {
			isa = PBXResourcesBuildPhase;
			buildActionMask = 2147483647;
			files = (
				63CED4262BD419B8005E2CF9 /* LaunchScreen.storyboard in Resources */,
				63CED4232BD419B8005E2CF9 /* Preview Assets.xcassets in Resources */,
				63CED4202BD419B8005E2CF9 /* Assets.xcassets in Resources */,
			);
			runOnlyForDeploymentPostprocessing = 0;
		};
/* End PBXResourcesBuildPhase section */

/* Begin PBXSourcesBuildPhase section */
		63CED4122BD419B5005E2CF9 /* Sources */ = {
			isa = PBXSourcesBuildPhase;
			buildActionMask = 2147483647;
			files = (
				85E24CD72D173DDF00CE1DFD /* LoginViewModel.swift in Sources */,
				63CED41A2BD419B5005E2CF9 /* AppDelegate.swift in Sources */,
				63CED41C2BD419B5005E2CF9 /* SceneDelegate.swift in Sources */,
				85AE5C9B2D19BB0600F79A92 /* HomeView.swift in Sources */,
				63CED41E2BD419B5005E2CF9 /* LoginView.swift in Sources */,
			);
			runOnlyForDeploymentPostprocessing = 0;
		};
/* End PBXSourcesBuildPhase section */

/* Begin PBXVariantGroup section */
		63CED4242BD419B8005E2CF9 /* LaunchScreen.storyboard */ = {
			isa = PBXVariantGroup;
			children = (
				63CED4252BD419B8005E2CF9 /* Base */,
			);
			name = LaunchScreen.storyboard;
			sourceTree = "<group>";
		};
/* End PBXVariantGroup section */

/* Begin XCBuildConfiguration section */
		63CED4282BD419B8005E2CF9 /* Debug */ = {
			isa = XCBuildConfiguration;
			buildSettings = {
				ALWAYS_SEARCH_USER_PATHS = NO;
				CLANG_ANALYZER_NONNULL = YES;
				CLANG_ANALYZER_NUMBER_OBJECT_CONVERSION = YES_AGGRESSIVE;
				CLANG_CXX_LANGUAGE_STANDARD = "gnu++14";
				CLANG_CXX_LIBRARY = "libc++";
				CLANG_ENABLE_MODULES = YES;
				CLANG_ENABLE_OBJC_ARC = YES;
				CLANG_ENABLE_OBJC_WEAK = YES;
				CLANG_WARN_BLOCK_CAPTURE_AUTORELEASING = YES;
				CLANG_WARN_BOOL_CONVERSION = YES;
				CLANG_WARN_COMMA = YES;
				CLANG_WARN_CONSTANT_CONVERSION = YES;
				CLANG_WARN_DEPRECATED_OBJC_IMPLEMENTATIONS = YES;
				CLANG_WARN_DIRECT_OBJC_ISA_USAGE = YES_ERROR;
				CLANG_WARN_DOCUMENTATION_COMMENTS = YES;
				CLANG_WARN_EMPTY_BODY = YES;
				CLANG_WARN_ENUM_CONVERSION = YES;
				CLANG_WARN_INFINITE_RECURSION = YES;
				CLANG_WARN_INT_CONVERSION = YES;
				CLANG_WARN_NON_LITERAL_NULL_CONVERSION = YES;
				CLANG_WARN_OBJC_IMPLICIT_RETAIN_SELF = YES;
				CLANG_WARN_OBJC_LITERAL_CONVERSION = YES;
				CLANG_WARN_OBJC_ROOT_CLASS = YES_ERROR;
				CLANG_WARN_QUOTED_INCLUDE_IN_FRAMEWORK_HEADER = YES;
				CLANG_WARN_RANGE_LOOP_ANALYSIS = YES;
				CLANG_WARN_STRICT_PROTOTYPES = YES;
				CLANG_WARN_SUSPICIOUS_MOVE = YES;
				CLANG_WARN_UNGUARDED_AVAILABILITY = YES_AGGRESSIVE;
				CLANG_WARN_UNREACHABLE_CODE = YES;
				CLANG_WARN__DUPLICATE_METHOD_MATCH = YES;
				COPY_PHASE_STRIP = NO;
				DEBUG_INFORMATION_FORMAT = dwarf;
				ENABLE_STRICT_OBJC_MSGSEND = YES;
				ENABLE_TESTABILITY = YES;
				GCC_C_LANGUAGE_STANDARD = gnu11;
				GCC_DYNAMIC_NO_PIC = NO;
				GCC_NO_COMMON_BLOCKS = YES;
				GCC_OPTIMIZATION_LEVEL = 0;
				GCC_PREPROCESSOR_DEFINITIONS = (
					"DEBUG=1",
					"$(inherited)",
				);
				GCC_WARN_64_TO_32_BIT_CONVERSION = YES;
				GCC_WARN_ABOUT_RETURN_TYPE = YES_ERROR;
				GCC_WARN_UNDECLARED_SELECTOR = YES;
				GCC_WARN_UNINITIALIZED_AUTOS = YES_AGGRESSIVE;
				GCC_WARN_UNUSED_FUNCTION = YES;
				GCC_WARN_UNUSED_VARIABLE = YES;
				IPHONEOS_DEPLOYMENT_TARGET = 14.4;
				MTL_ENABLE_DEBUG_INFO = INCLUDE_SOURCE;
				MTL_FAST_MATH = YES;
				ONLY_ACTIVE_ARCH = YES;
				SDKROOT = iphoneos;
				SWIFT_ACTIVE_COMPILATION_CONDITIONS = DEBUG;
				SWIFT_OPTIMIZATION_LEVEL = "-Onone";
			};
			name = Debug;
		};
		63CED4292BD419B8005E2CF9 /* Release */ = {
			isa = XCBuildConfiguration;
			buildSettings = {
				ALWAYS_SEARCH_USER_PATHS = NO;
				CLANG_ANALYZER_NONNULL = YES;
				CLANG_ANALYZER_NUMBER_OBJECT_CONVERSION = YES_AGGRESSIVE;
				CLANG_CXX_LANGUAGE_STANDARD = "gnu++14";
				CLANG_CXX_LIBRARY = "libc++";
				CLANG_ENABLE_MODULES = YES;
				CLANG_ENABLE_OBJC_ARC = YES;
				CLANG_ENABLE_OBJC_WEAK = YES;
				CLANG_WARN_BLOCK_CAPTURE_AUTORELEASING = YES;
				CLANG_WARN_BOOL_CONVERSION = YES;
				CLANG_WARN_COMMA = YES;
				CLANG_WARN_CONSTANT_CONVERSION = YES;
				CLANG_WARN_DEPRECATED_OBJC_IMPLEMENTATIONS = YES;
				CLANG_WARN_DIRECT_OBJC_ISA_USAGE = YES_ERROR;
				CLANG_WARN_DOCUMENTATION_COMMENTS = YES;
				CLANG_WARN_EMPTY_BODY = YES;
				CLANG_WARN_ENUM_CONVERSION = YES;
				CLANG_WARN_INFINITE_RECURSION = YES;
				CLANG_WARN_INT_CONVERSION = YES;
				CLANG_WARN_NON_LITERAL_NULL_CONVERSION = YES;
				CLANG_WARN_OBJC_IMPLICIT_RETAIN_SELF = YES;
				CLANG_WARN_OBJC_LITERAL_CONVERSION = YES;
				CLANG_WARN_OBJC_ROOT_CLASS = YES_ERROR;
				CLANG_WARN_QUOTED_INCLUDE_IN_FRAMEWORK_HEADER = YES;
				CLANG_WARN_RANGE_LOOP_ANALYSIS = YES;
				CLANG_WARN_STRICT_PROTOTYPES = YES;
				CLANG_WARN_SUSPICIOUS_MOVE = YES;
				CLANG_WARN_UNGUARDED_AVAILABILITY = YES_AGGRESSIVE;
				CLANG_WARN_UNREACHABLE_CODE = YES;
				CLANG_WARN__DUPLICATE_METHOD_MATCH = YES;
				COPY_PHASE_STRIP = NO;
				DEBUG_INFORMATION_FORMAT = "dwarf-with-dsym";
				ENABLE_NS_ASSERTIONS = NO;
				ENABLE_STRICT_OBJC_MSGSEND = YES;
				GCC_C_LANGUAGE_STANDARD = gnu11;
				GCC_NO_COMMON_BLOCKS = YES;
				GCC_WARN_64_TO_32_BIT_CONVERSION = YES;
				GCC_WARN_ABOUT_RETURN_TYPE = YES_ERROR;
				GCC_WARN_UNDECLARED_SELECTOR = YES;
				GCC_WARN_UNINITIALIZED_AUTOS = YES_AGGRESSIVE;
				GCC_WARN_UNUSED_FUNCTION = YES;
				GCC_WARN_UNUSED_VARIABLE = YES;
				IPHONEOS_DEPLOYMENT_TARGET = 14.4;
				MTL_ENABLE_DEBUG_INFO = NO;
				MTL_FAST_MATH = YES;
				SDKROOT = iphoneos;
				SWIFT_COMPILATION_MODE = wholemodule;
				SWIFT_OPTIMIZATION_LEVEL = "-O";
				VALIDATE_PRODUCT = YES;
			};
			name = Release;
		};
		63CED42B2BD419B8005E2CF9 /* Debug */ = {
			isa = XCBuildConfiguration;
			buildSettings = {
				ASSETCATALOG_COMPILER_APPICON_NAME = AppIcon;
				ASSETCATALOG_COMPILER_GLOBAL_ACCENT_COLOR_NAME = AccentColor;
				CODE_SIGN_STYLE = Automatic;
				DEVELOPMENT_ASSET_PATHS = "\"Witamy/Preview Content\"";
				ENABLE_PREVIEWS = YES;
				INFOPLIST_FILE = Witamy/Info.plist;
				LD_RUNPATH_SEARCH_PATHS = (
					"$(inherited)",
					"@executable_path/Frameworks",
				);
				PRODUCT_BUNDLE_IDENTIFIER = com.test.Witamy;
				PRODUCT_NAME = "$(TARGET_NAME)";
				SWIFT_VERSION = 5.0;
				TARGETED_DEVICE_FAMILY = "1,2";
			};
			name = Debug;
		};
		63CED42C2BD419B8005E2CF9 /* Release */ = {
			isa = XCBuildConfiguration;
			buildSettings = {
				ASSETCATALOG_COMPILER_APPICON_NAME = AppIcon;
				ASSETCATALOG_COMPILER_GLOBAL_ACCENT_COLOR_NAME = AccentColor;
				CODE_SIGN_STYLE = Automatic;
				DEVELOPMENT_ASSET_PATHS = "\"Witamy/Preview Content\"";
				ENABLE_PREVIEWS = YES;
				INFOPLIST_FILE = Witamy/Info.plist;
				LD_RUNPATH_SEARCH_PATHS = (
					"$(inherited)",
					"@executable_path/Frameworks",
				);
				PRODUCT_BUNDLE_IDENTIFIER = com.test.Witamy;
				PRODUCT_NAME = "$(TARGET_NAME)";
				SWIFT_VERSION = 5.0;
				TARGETED_DEVICE_FAMILY = "1,2";
			};
			name = Release;
		};
/* End XCBuildConfiguration section */

/* Begin XCConfigurationList section */
		63CED4112BD419B5005E2CF9 /* Build configuration list for PBXProject "Witamy" */ = {
			isa = XCConfigurationList;
			buildConfigurations = (
				63CED4282BD419B8005E2CF9 /* Debug */,
				63CED4292BD419B8005E2CF9 /* Release */,
			);
			defaultConfigurationIsVisible = 0;
			defaultConfigurationName = Release;
		};
		63CED42A2BD419B8005E2CF9 /* Build configuration list for PBXNativeTarget "Witamy" */ = {
			isa = XCConfigurationList;
			buildConfigurations = (
				63CED42B2BD419B8005E2CF9 /* Debug */,
				63CED42C2BD419B8005E2CF9 /* Release */,
			);
			defaultConfigurationIsVisible = 0;
			defaultConfigurationName = Release;
		};
/* End XCConfigurationList section */
	};
	rootObject = 63CED40E2BD419B5005E2CF9 /* Project object */;
}
